
Microsoft Visual Studio Solution File, Format Version 12.00
# Visual Studio Version 16
VisualStudioVersion = 16.0.30611.23
MinimumVisualStudioVersion = 10.0.40219.1
Project("{9A19103F-16F7-4668-BE54-9A1E7A4F7556}") = "Codexoft.CrossLib.Architecture", "Codexoft.CrossLib.Architecture\Codexoft.CrossLib.Architecture.csproj", "{1F6ABDA4-5D94-44D8-9771-0E32CE653431}"
EndProject
Project("{FAE04EC0-301F-11D3-BF4B-00C04F79EFBC}") = "Codexoft.CrossLib.WebTemplate", "Codexoft.CrossLib.WebTemplate\Codexoft.CrossLib.WebTemplate.csproj", "{40419C02-F1FE-45BD-807E-2A31F194BDE8}"
EndProject
Project("{FAE04EC0-301F-11D3-BF4B-00C04F79EFBC}") = "Codexoft.CrossLib.ConsoleSetup", "Codexoft.CrossLib.ConsoleSetup\Codexoft.CrossLib.ConsoleSetup.csproj", "{FD76546D-E20C-4D7D-9DC7-D203C1FB8EA4}"
EndProject
Global
	GlobalSection(SolutionConfigurationPlatforms) = preSolution
		Debug|Any CPU = Debug|Any CPU
		Release|Any CPU = Release|Any CPU
	EndGlobalSection
	GlobalSection(ProjectConfigurationPlatforms) = postSolution
		{1F6ABDA4-5D94-44D8-9771-0E32CE653431}.Debug|Any CPU.ActiveCfg = Debug|Any CPU
		{1F6ABDA4-5D94-44D8-9771-0E32CE653431}.Debug|Any CPU.Build.0 = Debug|Any CPU
		{1F6ABDA4-5D94-44D8-9771-0E32CE653431}.Release|Any CPU.ActiveCfg = Release|Any CPU
		{1F6ABDA4-5D94-44D8-9771-0E32CE653431}.Release|Any CPU.Build.0 = Release|Any CPU
		{40419C02-F1FE-45BD-807E-2A31F194BDE8}.Debug|Any CPU.ActiveCfg = Debug|Any CPU
		{40419C02-F1FE-45BD-807E-2A31F194BDE8}.Debug|Any CPU.Build.0 = Debug|Any CPU
		{40419C02-F1FE-45BD-807E-2A31F194BDE8}.Release|Any CPU.ActiveCfg = Release|Any CPU
		{40419C02-F1FE-45BD-807E-2A31F194BDE8}.Release|Any CPU.Build.0 = Release|Any CPU
		{FD76546D-E20C-4D7D-9DC7-D203C1FB8EA4}.Debug|Any CPU.ActiveCfg = Debug|Any CPU
		{FD76546D-E20C-4D7D-9DC7-D203C1FB8EA4}.Debug|Any CPU.Build.0 = Debug|Any CPU
		{FD76546D-E20C-4D7D-9DC7-D203C1FB8EA4}.Release|Any CPU.ActiveCfg = Release|Any CPU
		{FD76546D-E20C-4D7D-9DC7-D203C1FB8EA4}.Release|Any CPU.Build.0 = Release|Any CPU
	EndGlobalSection
	GlobalSection(SolutionProperties) = preSolution
		HideSolutionNode = FALSE
	EndGlobalSection
	GlobalSection(ExtensibilityGlobals) = postSolution
		SolutionGuid = {5FD1FF53-D081-4CB5-B502-EDB2DAF84111}
	EndGlobalSection
EndGlobal
